// !$*UTF8*$!
{
	archiveVersion = 1;
	classes = {
	};
	objectVersion = 52;
	objects = {

/* Begin PBXBuildFile section */
		4C374D1BEE2CDDC062A78607 /* Pods_weather.framework in Frameworks */ = {isa = PBXBuildFile; fileRef = 5C4D3F474113AE5330D294BF /* Pods_weather.framework */; };
		674BD02DC85407F62B0AADB9 /* Pods_weatherTests.framework in Frameworks */ = {isa = PBXBuildFile; fileRef = 528D22DD369786DD5C0D17A2 /* Pods_weatherTests.framework */; };
		8452638123F26224004F6FE5 /* AppResources.swift in Sources */ = {isa = PBXBuildFile; fileRef = 8452638023F26224004F6FE5 /* AppResources.swift */; };
		8452638323F27B5D004F6FE5 /* AppTest.swift in Sources */ = {isa = PBXBuildFile; fileRef = 8452638223F27B5D004F6FE5 /* AppTest.swift */; };
		8452638B23F28958004F6FE5 /* modelTests.swift in Sources */ = {isa = PBXBuildFile; fileRef = 8452638A23F28958004F6FE5 /* modelTests.swift */; };
		8464076C23F25BB500A23595 /* CitiesViewController.swift in Sources */ = {isa = PBXBuildFile; fileRef = 8464076B23F25BB500A23595 /* CitiesViewController.swift */; };
		84675BCE23F247A90092CC4C /* UIImageViewEx.swift in Sources */ = {isa = PBXBuildFile; fileRef = 84675BCD23F247A90092CC4C /* UIImageViewEx.swift */; };
		84675BD023F252DA0092CC4C /* DateEx.swift in Sources */ = {isa = PBXBuildFile; fileRef = 84675BCF23F252DA0092CC4C /* DateEx.swift */; };
		84675BD223F254FE0092CC4C /* TopView.swift in Sources */ = {isa = PBXBuildFile; fileRef = 84675BD123F254FE0092CC4C /* TopView.swift */; };
		84D5E1E823F0FA66005C709E /* UIViewEx.swift in Sources */ = {isa = PBXBuildFile; fileRef = 84D5E1E723F0FA66005C709E /* UIViewEx.swift */; };
		84D5E1EC23F0FE97005C709E /* TodayWeatherView.swift in Sources */ = {isa = PBXBuildFile; fileRef = 84D5E1EB23F0FE97005C709E /* TodayWeatherView.swift */; };
		84D5E1EE23F10BDD005C709E /* DayWeatherView.swift in Sources */ = {isa = PBXBuildFile; fileRef = 84D5E1ED23F10BDD005C709E /* DayWeatherView.swift */; };
		84D5E1F023F110CD005C709E /* CityModel.swift in Sources */ = {isa = PBXBuildFile; fileRef = 84D5E1EF23F110CD005C709E /* CityModel.swift */; };
		84D5E1F223F1114C005C709E /* WeatherModel.swift in Sources */ = {isa = PBXBuildFile; fileRef = 84D5E1F123F1114C005C709E /* WeatherModel.swift */; };
		84D5E1F423F11187005C709E /* TempModel.swift in Sources */ = {isa = PBXBuildFile; fileRef = 84D5E1F323F11187005C709E /* TempModel.swift */; };
		84D5E1F623F111FB005C709E /* DayModel.swift in Sources */ = {isa = PBXBuildFile; fileRef = 84D5E1F523F111FB005C709E /* DayModel.swift */; };
		84D5E1F923F1128C005C709E /* APIService.swift in Sources */ = {isa = PBXBuildFile; fileRef = 84D5E1F823F1128C005C709E /* APIService.swift */; };
		84D5E1FC23F112F0005C709E /* AppConstants.swift in Sources */ = {isa = PBXBuildFile; fileRef = 84D5E1FB23F112F0005C709E /* AppConstants.swift */; };
		84D5E1FE23F113A3005C709E /* WeatherResponse.swift in Sources */ = {isa = PBXBuildFile; fileRef = 84D5E1FD23F113A3005C709E /* WeatherResponse.swift */; };
		84EE84B723F035D8001EB94B /* AppDelegate.swift in Sources */ = {isa = PBXBuildFile; fileRef = 84EE84B623F035D8001EB94B /* AppDelegate.swift */; };
		84EE84BB23F035D8001EB94B /* ViewController.swift in Sources */ = {isa = PBXBuildFile; fileRef = 84EE84BA23F035D8001EB94B /* ViewController.swift */; };
		84EE84BE23F035D8001EB94B /* Main.storyboard in Resources */ = {isa = PBXBuildFile; fileRef = 84EE84BC23F035D8001EB94B /* Main.storyboard */; };
		84EE84C023F035DB001EB94B /* Assets.xcassets in Resources */ = {isa = PBXBuildFile; fileRef = 84EE84BF23F035DB001EB94B /* Assets.xcassets */; };
		84EE84C323F035DB001EB94B /* LaunchScreen.storyboard in Resources */ = {isa = PBXBuildFile; fileRef = 84EE84C123F035DB001EB94B /* LaunchScreen.storyboard */; };
		84EE84CE23F035DB001EB94B /* weatherTests.swift in Sources */ = {isa = PBXBuildFile; fileRef = 84EE84CD23F035DB001EB94B /* weatherTests.swift */; };
		84EE84D923F035DB001EB94B /* weatherUITests.swift in Sources */ = {isa = PBXBuildFile; fileRef = 84EE84D823F035DB001EB94B /* weatherUITests.swift */; platformFilter = ios; };
		AD2285674C648DC839BEEAD5 /* Pods_weatherUITests.framework in Frameworks */ = {isa = PBXBuildFile; fileRef = 838F90C1384467DBE4B4096D /* Pods_weatherUITests.framework */; };
/* End PBXBuildFile section */

/* Begin PBXContainerItemProxy section */
		84EE84CA23F035DB001EB94B /* PBXContainerItemProxy */ = {
			isa = PBXContainerItemProxy;
			containerPortal = 84EE84AB23F035D8001EB94B /* Project object */;
			proxyType = 1;
			remoteGlobalIDString = 84EE84B223F035D8001EB94B;
			remoteInfo = weather;
		};
		84EE84D523F035DB001EB94B /* PBXContainerItemProxy */ = {
			isa = PBXContainerItemProxy;
			containerPortal = 84EE84AB23F035D8001EB94B /* Project object */;
			proxyType = 1;
			remoteGlobalIDString = 84EE84B223F035D8001EB94B;
			remoteInfo = weather;
		};
/* End PBXContainerItemProxy section */

/* Begin PBXFileReference section */
		09E0021B21B2FDABA9D8091B /* Pods-weatherUITests.release.xcconfig */ = {isa = PBXFileReference; includeInIndex = 1; lastKnownFileType = text.xcconfig; name = "Pods-weatherUITests.release.xcconfig"; path = "Target Support Files/Pods-weatherUITests/Pods-weatherUITests.release.xcconfig"; sourceTree = "<group>"; };
		2320409CB40340284D90D3CD /* Pods-weather.debug.xcconfig */ = {isa = PBXFileReference; includeInIndex = 1; lastKnownFileType = text.xcconfig; name = "Pods-weather.debug.xcconfig"; path = "Target Support Files/Pods-weather/Pods-weather.debug.xcconfig"; sourceTree = "<group>"; };
		528D22DD369786DD5C0D17A2 /* Pods_weatherTests.framework */ = {isa = PBXFileReference; explicitFileType = wrapper.framework; includeInIndex = 0; path = Pods_weatherTests.framework; sourceTree = BUILT_PRODUCTS_DIR; };
		5C4D3F474113AE5330D294BF /* Pods_weather.framework */ = {isa = PBXFileReference; explicitFileType = wrapper.framework; includeInIndex = 0; path = Pods_weather.framework; sourceTree = BUILT_PRODUCTS_DIR; };
		7FF663B5194A346F8AEB14A2 /* Pods-weather.release.xcconfig */ = {isa = PBXFileReference; includeInIndex = 1; lastKnownFileType = text.xcconfig; name = "Pods-weather.release.xcconfig"; path = "Target Support Files/Pods-weather/Pods-weather.release.xcconfig"; sourceTree = "<group>"; };
		838F90C1384467DBE4B4096D /* Pods_weatherUITests.framework */ = {isa = PBXFileReference; explicitFileType = wrapper.framework; includeInIndex = 0; path = Pods_weatherUITests.framework; sourceTree = BUILT_PRODUCTS_DIR; };
		8452638023F26224004F6FE5 /* AppResources.swift */ = {isa = PBXFileReference; lastKnownFileType = sourcecode.swift; path = AppResources.swift; sourceTree = "<group>"; };
		8452638223F27B5D004F6FE5 /* AppTest.swift */ = {isa = PBXFileReference; lastKnownFileType = sourcecode.swift; path = AppTest.swift; sourceTree = "<group>"; };
		8452638423F27DDD004F6FE5 /* Alamofire.framework */ = {isa = PBXFileReference; explicitFileType = wrapper.framework; path = Alamofire.framework; sourceTree = BUILT_PRODUCTS_DIR; };
		8452638623F27DDD004F6FE5 /* AlamofireObjectMapper.framework */ = {isa = PBXFileReference; explicitFileType = wrapper.framework; path = AlamofireObjectMapper.framework; sourceTree = BUILT_PRODUCTS_DIR; };
		8452638823F27DDD004F6FE5 /* ObjectMapper.framework */ = {isa = PBXFileReference; explicitFileType = wrapper.framework; path = ObjectMapper.framework; sourceTree = BUILT_PRODUCTS_DIR; };
		8452638A23F28958004F6FE5 /* modelTests.swift */ = {isa = PBXFileReference; lastKnownFileType = sourcecode.swift; path = modelTests.swift; sourceTree = "<group>"; };
		8464076B23F25BB500A23595 /* CitiesViewController.swift */ = {isa = PBXFileReference; lastKnownFileType = sourcecode.swift; path = CitiesViewController.swift; sourceTree = "<group>"; };
		84675BCD23F247A90092CC4C /* UIImageViewEx.swift */ = {isa = PBXFileReference; lastKnownFileType = sourcecode.swift; path = UIImageViewEx.swift; sourceTree = "<group>"; };
		84675BCF23F252DA0092CC4C /* DateEx.swift */ = {isa = PBXFileReference; lastKnownFileType = sourcecode.swift; path = DateEx.swift; sourceTree = "<group>"; };
		84675BD123F254FE0092CC4C /* TopView.swift */ = {isa = PBXFileReference; lastKnownFileType = sourcecode.swift; path = TopView.swift; sourceTree = "<group>"; };
		84D5E1E723F0FA66005C709E /* UIViewEx.swift */ = {isa = PBXFileReference; lastKnownFileType = sourcecode.swift; path = UIViewEx.swift; sourceTree = "<group>"; };
		84D5E1EB23F0FE97005C709E /* TodayWeatherView.swift */ = {isa = PBXFileReference; lastKnownFileType = sourcecode.swift; path = TodayWeatherView.swift; sourceTree = "<group>"; };
		84D5E1ED23F10BDD005C709E /* DayWeatherView.swift */ = {isa = PBXFileReference; fileEncoding = 4; lastKnownFileType = sourcecode.swift; path = DayWeatherView.swift; sourceTree = "<group>"; };
		84D5E1EF23F110CD005C709E /* CityModel.swift */ = {isa = PBXFileReference; lastKnownFileType = sourcecode.swift; path = CityModel.swift; sourceTree = "<group>"; };
		84D5E1F123F1114C005C709E /* WeatherModel.swift */ = {isa = PBXFileReference; lastKnownFileType = sourcecode.swift; path = WeatherModel.swift; sourceTree = "<group>"; };
		84D5E1F323F11187005C709E /* TempModel.swift */ = {isa = PBXFileReference; fileEncoding = 4; lastKnownFileType = sourcecode.swift; path = TempModel.swift; sourceTree = "<group>"; };
		84D5E1F523F111FB005C709E /* DayModel.swift */ = {isa = PBXFileReference; fileEncoding = 4; lastKnownFileType = sourcecode.swift; path = DayModel.swift; sourceTree = "<group>"; };
		84D5E1F823F1128C005C709E /* APIService.swift */ = {isa = PBXFileReference; lastKnownFileType = sourcecode.swift; path = APIService.swift; sourceTree = "<group>"; };
		84D5E1FB23F112F0005C709E /* AppConstants.swift */ = {isa = PBXFileReference; lastKnownFileType = sourcecode.swift; path = AppConstants.swift; sourceTree = "<group>"; };
		84D5E1FD23F113A3005C709E /* WeatherResponse.swift */ = {isa = PBXFileReference; fileEncoding = 4; lastKnownFileType = sourcecode.swift; path = WeatherResponse.swift; sourceTree = "<group>"; };
		84D5E1FF23F13132005C709E /* bridging-header.h */ = {isa = PBXFileReference; lastKnownFileType = sourcecode.c.h; path = "bridging-header.h"; sourceTree = "<group>"; };
		84EE84B323F035D8001EB94B /* weather.app */ = {isa = PBXFileReference; explicitFileType = wrapper.application; includeInIndex = 0; path = weather.app; sourceTree = BUILT_PRODUCTS_DIR; };
		84EE84B623F035D8001EB94B /* AppDelegate.swift */ = {isa = PBXFileReference; lastKnownFileType = sourcecode.swift; path = AppDelegate.swift; sourceTree = "<group>"; };
		84EE84BA23F035D8001EB94B /* ViewController.swift */ = {isa = PBXFileReference; lastKnownFileType = sourcecode.swift; path = ViewController.swift; sourceTree = "<group>"; };
		84EE84BD23F035D8001EB94B /* Base */ = {isa = PBXFileReference; lastKnownFileType = file.storyboard; name = Base; path = Base.lproj/Main.storyboard; sourceTree = "<group>"; };
		84EE84BF23F035DB001EB94B /* Assets.xcassets */ = {isa = PBXFileReference; lastKnownFileType = folder.assetcatalog; path = Assets.xcassets; sourceTree = "<group>"; };
		84EE84C223F035DB001EB94B /* Base */ = {isa = PBXFileReference; lastKnownFileType = file.storyboard; name = Base; path = Base.lproj/LaunchScreen.storyboard; sourceTree = "<group>"; };
		84EE84C423F035DB001EB94B /* Info.plist */ = {isa = PBXFileReference; lastKnownFileType = text.plist.xml; path = Info.plist; sourceTree = "<group>"; };
		84EE84C923F035DB001EB94B /* weatherTests.xctest */ = {isa = PBXFileReference; explicitFileType = wrapper.cfbundle; includeInIndex = 0; path = weatherTests.xctest; sourceTree = BUILT_PRODUCTS_DIR; };
		84EE84CD23F035DB001EB94B /* weatherTests.swift */ = {isa = PBXFileReference; lastKnownFileType = sourcecode.swift; path = weatherTests.swift; sourceTree = "<group>"; };
		84EE84CF23F035DB001EB94B /* Info.plist */ = {isa = PBXFileReference; lastKnownFileType = text.plist.xml; path = Info.plist; sourceTree = "<group>"; };
		84EE84D423F035DB001EB94B /* weatherUITests.xctest */ = {isa = PBXFileReference; explicitFileType = wrapper.cfbundle; includeInIndex = 0; path = weatherUITests.xctest; sourceTree = BUILT_PRODUCTS_DIR; };
		84EE84D823F035DB001EB94B /* weatherUITests.swift */ = {isa = PBXFileReference; lastKnownFileType = sourcecode.swift; path = weatherUITests.swift; sourceTree = "<group>"; };
		84EE84DA23F035DB001EB94B /* Info.plist */ = {isa = PBXFileReference; lastKnownFileType = text.plist.xml; path = Info.plist; sourceTree = "<group>"; };
		B4CFFE4BAE3D657CC92CB4E3 /* Pods-weatherTests.release.xcconfig */ = {isa = PBXFileReference; includeInIndex = 1; lastKnownFileType = text.xcconfig; name = "Pods-weatherTests.release.xcconfig"; path = "Target Support Files/Pods-weatherTests/Pods-weatherTests.release.xcconfig"; sourceTree = "<group>"; };
		B7ABC4A132CB704B0B59796B /* Pods-weatherUITests.debug.xcconfig */ = {isa = PBXFileReference; includeInIndex = 1; lastKnownFileType = text.xcconfig; name = "Pods-weatherUITests.debug.xcconfig"; path = "Target Support Files/Pods-weatherUITests/Pods-weatherUITests.debug.xcconfig"; sourceTree = "<group>"; };
		CA08AE763545B163906CD433 /* Pods-weatherTests.debug.xcconfig */ = {isa = PBXFileReference; includeInIndex = 1; lastKnownFileType = text.xcconfig; name = "Pods-weatherTests.debug.xcconfig"; path = "Target Support Files/Pods-weatherTests/Pods-weatherTests.debug.xcconfig"; sourceTree = "<group>"; };
/* End PBXFileReference section */

/* Begin PBXFrameworksBuildPhase section */
		84EE84B023F035D8001EB94B /* Frameworks */ = {
			isa = PBXFrameworksBuildPhase;
			buildActionMask = 2147483647;
			files = (
				4C374D1BEE2CDDC062A78607 /* Pods_weather.framework in Frameworks */,
			);
			runOnlyForDeploymentPostprocessing = 0;
		};
		84EE84C623F035DB001EB94B /* Frameworks */ = {
			isa = PBXFrameworksBuildPhase;
			buildActionMask = 2147483647;
			files = (
				674BD02DC85407F62B0AADB9 /* Pods_weatherTests.framework in Frameworks */,
			);
			runOnlyForDeploymentPostprocessing = 0;
		};
		84EE84D123F035DB001EB94B /* Frameworks */ = {
			isa = PBXFrameworksBuildPhase;
			buildActionMask = 2147483647;
			files = (
				AD2285674C648DC839BEEAD5 /* Pods_weatherUITests.framework in Frameworks */,
			);
			runOnlyForDeploymentPostprocessing = 0;
		};
/* End PBXFrameworksBuildPhase section */

/* Begin PBXGroup section */
		727FE548ED7794A33A428A74 /* Pods */ = {
			isa = PBXGroup;
			children = (
				2320409CB40340284D90D3CD /* Pods-weather.debug.xcconfig */,
				7FF663B5194A346F8AEB14A2 /* Pods-weather.release.xcconfig */,
				CA08AE763545B163906CD433 /* Pods-weatherTests.debug.xcconfig */,
				B4CFFE4BAE3D657CC92CB4E3 /* Pods-weatherTests.release.xcconfig */,
				B7ABC4A132CB704B0B59796B /* Pods-weatherUITests.debug.xcconfig */,
				09E0021B21B2FDABA9D8091B /* Pods-weatherUITests.release.xcconfig */,
			);
			path = Pods;
			sourceTree = "<group>";
		};
		831A0E686A61C109AC0667B8 /* Frameworks */ = {
			isa = PBXGroup;
			children = (
				8452638423F27DDD004F6FE5 /* Alamofire.framework */,
				8452638623F27DDD004F6FE5 /* AlamofireObjectMapper.framework */,
				8452638823F27DDD004F6FE5 /* ObjectMapper.framework */,
				5C4D3F474113AE5330D294BF /* Pods_weather.framework */,
				528D22DD369786DD5C0D17A2 /* Pods_weatherTests.framework */,
				838F90C1384467DBE4B4096D /* Pods_weatherUITests.framework */,
			);
			name = Frameworks;
			sourceTree = "<group>";
		};
		8464076A23F25B8200A23595 /* view-Controller */ = {
			isa = PBXGroup;
			children = (
				84EE84BA23F035D8001EB94B /* ViewController.swift */,
				8464076B23F25BB500A23595 /* CitiesViewController.swift */,
			);
			path = "view-Controller";
			sourceTree = "<group>";
		};
		84D5E1E623F0FA4C005C709E /* common-ext */ = {
			isa = PBXGroup;
			children = (
				84D5E1E723F0FA66005C709E /* UIViewEx.swift */,
				84675BCD23F247A90092CC4C /* UIImageViewEx.swift */,
				84675BCF23F252DA0092CC4C /* DateEx.swift */,
			);
			path = "common-ext";
			sourceTree = "<group>";
		};
		84D5E1E923F0FD6D005C709E /* entity */ = {
			isa = PBXGroup;
			children = (
				84D5E1EF23F110CD005C709E /* CityModel.swift */,
				84D5E1FD23F113A3005C709E /* WeatherResponse.swift */,
				84D5E1F123F1114C005C709E /* WeatherModel.swift */,
				84D5E1F523F111FB005C709E /* DayModel.swift */,
				84D5E1F323F11187005C709E /* TempModel.swift */,
			);
			path = entity;
			sourceTree = "<group>";
		};
		84D5E1EA23F0FE76005C709E /* view */ = {
			isa = PBXGroup;
			children = (
				84D5E1EB23F0FE97005C709E /* TodayWeatherView.swift */,
				84D5E1ED23F10BDD005C709E /* DayWeatherView.swift */,
				84675BD123F254FE0092CC4C /* TopView.swift */,
			);
			path = view;
			sourceTree = "<group>";
		};
		84D5E1F723F11275005C709E /* api */ = {
			isa = PBXGroup;
			children = (
				84D5E1F823F1128C005C709E /* APIService.swift */,
			);
			path = api;
			sourceTree = "<group>";
		};
		84D5E1FA23F112E2005C709E /* app-config */ = {
			isa = PBXGroup;
			children = (
				84D5E1FB23F112F0005C709E /* AppConstants.swift */,
				8452638023F26224004F6FE5 /* AppResources.swift */,
				8452638223F27B5D004F6FE5 /* AppTest.swift */,
			);
			path = "app-config";
			sourceTree = "<group>";
		};
		84EE84AA23F035D8001EB94B = {
			isa = PBXGroup;
			children = (
				84EE84B523F035D8001EB94B /* weather */,
				84EE84CC23F035DB001EB94B /* weatherTests */,
				84EE84D723F035DB001EB94B /* weatherUITests */,
				84EE84B423F035D8001EB94B /* Products */,
				727FE548ED7794A33A428A74 /* Pods */,
				831A0E686A61C109AC0667B8 /* Frameworks */,
			);
			sourceTree = "<group>";
		};
		84EE84B423F035D8001EB94B /* Products */ = {
			isa = PBXGroup;
			children = (
				84EE84B323F035D8001EB94B /* weather.app */,
				84EE84C923F035DB001EB94B /* weatherTests.xctest */,
				84EE84D423F035DB001EB94B /* weatherUITests.xctest */,
			);
			name = Products;
			sourceTree = "<group>";
		};
		84EE84B523F035D8001EB94B /* weather */ = {
			isa = PBXGroup;
			children = (
				84D5E1FA23F112E2005C709E /* app-config */,
				84D5E1F723F11275005C709E /* api */,
				84D5E1E923F0FD6D005C709E /* entity */,
				8464076A23F25B8200A23595 /* view-Controller */,
				84D5E1EA23F0FE76005C709E /* view */,
				84D5E1E623F0FA4C005C709E /* common-ext */,
				84EE84B623F035D8001EB94B /* AppDelegate.swift */,
				84EE84BC23F035D8001EB94B /* Main.storyboard */,
				84EE84BF23F035DB001EB94B /* Assets.xcassets */,
				84EE84C123F035DB001EB94B /* LaunchScreen.storyboard */,
				84EE84C423F035DB001EB94B /* Info.plist */,
				84D5E1FF23F13132005C709E /* bridging-header.h */,
			);
			path = weather;
			sourceTree = "<group>";
		};
		84EE84CC23F035DB001EB94B /* weatherTests */ = {
			isa = PBXGroup;
			children = (
				84EE84CD23F035DB001EB94B /* weatherTests.swift */,
				84EE84CF23F035DB001EB94B /* Info.plist */,
				8452638A23F28958004F6FE5 /* modelTests.swift */,
			);
			path = weatherTests;
			sourceTree = "<group>";
		};
		84EE84D723F035DB001EB94B /* weatherUITests */ = {
			isa = PBXGroup;
			children = (
				84EE84D823F035DB001EB94B /* weatherUITests.swift */,
				84EE84DA23F035DB001EB94B /* Info.plist */,
			);
			path = weatherUITests;
			sourceTree = "<group>";
		};
/* End PBXGroup section */

/* Begin PBXNativeTarget section */
		84EE84B223F035D8001EB94B /* weather */ = {
			isa = PBXNativeTarget;
			buildConfigurationList = 84EE84DD23F035DB001EB94B /* Build configuration list for PBXNativeTarget "weather" */;
			buildPhases = (
				4244F4C44E89019371528DA7 /* [CP] Check Pods Manifest.lock */,
				84EE84AF23F035D8001EB94B /* Sources */,
				84EE84B023F035D8001EB94B /* Frameworks */,
				84EE84B123F035D8001EB94B /* Resources */,
				608F4EBEB1325950790EF3CE /* [CP] Embed Pods Frameworks */,
			);
			buildRules = (
			);
			dependencies = (
			);
			name = weather;
			productName = weather;
			productReference = 84EE84B323F035D8001EB94B /* weather.app */;
			productType = "com.apple.product-type.application";
		};
		84EE84C823F035DB001EB94B /* weatherTests */ = {
			isa = PBXNativeTarget;
			buildConfigurationList = 84EE84E023F035DB001EB94B /* Build configuration list for PBXNativeTarget "weatherTests" */;
			buildPhases = (
				A3AADFA59731AF36DF337F03 /* [CP] Check Pods Manifest.lock */,
				84EE84C523F035DB001EB94B /* Sources */,
				84EE84C623F035DB001EB94B /* Frameworks */,
				84EE84C723F035DB001EB94B /* Resources */,
				A42F764E8B6DA9678F918761 /* [CP] Embed Pods Frameworks */,
			);
			buildRules = (
			);
			dependencies = (
				84EE84CB23F035DB001EB94B /* PBXTargetDependency */,
			);
			name = weatherTests;
			productName = weatherTests;
			productReference = 84EE84C923F035DB001EB94B /* weatherTests.xctest */;
			productType = "com.apple.product-type.bundle.unit-test";
		};
		84EE84D323F035DB001EB94B /* weatherUITests */ = {
			isa = PBXNativeTarget;
			buildConfigurationList = 84EE84E323F035DB001EB94B /* Build configuration list for PBXNativeTarget "weatherUITests" */;
			buildPhases = (
				08D8C551786F0A9216098AAA /* [CP] Check Pods Manifest.lock */,
				84EE84D023F035DB001EB94B /* Sources */,
				84EE84D123F035DB001EB94B /* Frameworks */,
				84EE84D223F035DB001EB94B /* Resources */,
				046ACF021EB9A224080DCDC1 /* [CP] Embed Pods Frameworks */,
			);
			buildRules = (
			);
			dependencies = (
				84EE84D623F035DB001EB94B /* PBXTargetDependency */,
			);
			name = weatherUITests;
			productName = weatherUITests;
			productReference = 84EE84D423F035DB001EB94B /* weatherUITests.xctest */;
			productType = "com.apple.product-type.bundle.ui-testing";
		};
/* End PBXNativeTarget section */

/* Begin PBXProject section */
		84EE84AB23F035D8001EB94B /* Project object */ = {
			isa = PBXProject;
			attributes = {
				LastSwiftUpdateCheck = 1130;
				LastUpgradeCheck = 1130;
				ORGANIZATIONNAME = "Huy Tran";
				TargetAttributes = {
					84EE84B223F035D8001EB94B = {
						CreatedOnToolsVersion = 11.3;
					};
					84EE84C823F035DB001EB94B = {
						CreatedOnToolsVersion = 11.3;
						TestTargetID = 84EE84B223F035D8001EB94B;
					};
					84EE84D323F035DB001EB94B = {
						CreatedOnToolsVersion = 11.3;
						TestTargetID = 84EE84B223F035D8001EB94B;
					};
				};
			};
			buildConfigurationList = 84EE84AE23F035D8001EB94B /* Build configuration list for PBXProject "weather" */;
			compatibilityVersion = "Xcode 9.3";
			developmentRegion = en;
			hasScannedForEncodings = 0;
			knownRegions = (
				en,
				Base,
			);
			mainGroup = 84EE84AA23F035D8001EB94B;
			productRefGroup = 84EE84B423F035D8001EB94B /* Products */;
			projectDirPath = "";
			projectRoot = "";
			targets = (
				84EE84B223F035D8001EB94B /* weather */,
				84EE84C823F035DB001EB94B /* weatherTests */,
				84EE84D323F035DB001EB94B /* weatherUITests */,
			);
		};
/* End PBXProject section */

/* Begin PBXResourcesBuildPhase section */
		84EE84B123F035D8001EB94B /* Resources */ = {
			isa = PBXResourcesBuildPhase;
			buildActionMask = 2147483647;
			files = (
				84EE84C323F035DB001EB94B /* LaunchScreen.storyboard in Resources */,
				84EE84C023F035DB001EB94B /* Assets.xcassets in Resources */,
				84EE84BE23F035D8001EB94B /* Main.storyboard in Resources */,
			);
			runOnlyForDeploymentPostprocessing = 0;
		};
		84EE84C723F035DB001EB94B /* Resources */ = {
			isa = PBXResourcesBuildPhase;
			buildActionMask = 2147483647;
			files = (
			);
			runOnlyForDeploymentPostprocessing = 0;
		};
		84EE84D223F035DB001EB94B /* Resources */ = {
			isa = PBXResourcesBuildPhase;
			buildActionMask = 2147483647;
			files = (
			);
			runOnlyForDeploymentPostprocessing = 0;
		};
/* End PBXResourcesBuildPhase section */

/* Begin PBXShellScriptBuildPhase section */
		046ACF021EB9A224080DCDC1 /* [CP] Embed Pods Frameworks */ = {
			isa = PBXShellScriptBuildPhase;
			buildActionMask = 2147483647;
			files = (
			);
			inputFileListPaths = (
				"${PODS_ROOT}/Target Support Files/Pods-weatherUITests/Pods-weatherUITests-frameworks-${CONFIGURATION}-input-files.xcfilelist",
			);
			name = "[CP] Embed Pods Frameworks";
			outputFileListPaths = (
				"${PODS_ROOT}/Target Support Files/Pods-weatherUITests/Pods-weatherUITests-frameworks-${CONFIGURATION}-output-files.xcfilelist",
			);
			runOnlyForDeploymentPostprocessing = 0;
			shellPath = /bin/sh;
			shellScript = "\"${PODS_ROOT}/Target Support Files/Pods-weatherUITests/Pods-weatherUITests-frameworks.sh\"\n";
			showEnvVarsInLog = 0;
		};
		08D8C551786F0A9216098AAA /* [CP] Check Pods Manifest.lock */ = {
			isa = PBXShellScriptBuildPhase;
			buildActionMask = 2147483647;
			files = (
			);
			inputFileListPaths = (
			);
			inputPaths = (
				"${PODS_PODFILE_DIR_PATH}/Podfile.lock",
				"${PODS_ROOT}/Manifest.lock",
			);
			name = "[CP] Check Pods Manifest.lock";
			outputFileListPaths = (
			);
			outputPaths = (
				"$(DERIVED_FILE_DIR)/Pods-weatherUITests-checkManifestLockResult.txt",
			);
			runOnlyForDeploymentPostprocessing = 0;
			shellPath = /bin/sh;
			shellScript = "diff \"${PODS_PODFILE_DIR_PATH}/Podfile.lock\" \"${PODS_ROOT}/Manifest.lock\" > /dev/null\nif [ $? != 0 ] ; then\n    # print error to STDERR\n    echo \"error: The sandbox is not in sync with the Podfile.lock. Run 'pod install' or update your CocoaPods installation.\" >&2\n    exit 1\nfi\n# This output is used by Xcode 'outputs' to avoid re-running this script phase.\necho \"SUCCESS\" > \"${SCRIPT_OUTPUT_FILE_0}\"\n";
			showEnvVarsInLog = 0;
		};
		4244F4C44E89019371528DA7 /* [CP] Check Pods Manifest.lock */ = {
			isa = PBXShellScriptBuildPhase;
			buildActionMask = 2147483647;
			files = (
			);
			inputFileListPaths = (
			);
			inputPaths = (
				"${PODS_PODFILE_DIR_PATH}/Podfile.lock",
				"${PODS_ROOT}/Manifest.lock",
			);
			name = "[CP] Check Pods Manifest.lock";
			outputFileListPaths = (
			);
			outputPaths = (
				"$(DERIVED_FILE_DIR)/Pods-weather-checkManifestLockResult.txt",
			);
			runOnlyForDeploymentPostprocessing = 0;
			shellPath = /bin/sh;
			shellScript = "diff \"${PODS_PODFILE_DIR_PATH}/Podfile.lock\" \"${PODS_ROOT}/Manifest.lock\" > /dev/null\nif [ $? != 0 ] ; then\n    # print error to STDERR\n    echo \"error: The sandbox is not in sync with the Podfile.lock. Run 'pod install' or update your CocoaPods installation.\" >&2\n    exit 1\nfi\n# This output is used by Xcode 'outputs' to avoid re-running this script phase.\necho \"SUCCESS\" > \"${SCRIPT_OUTPUT_FILE_0}\"\n";
			showEnvVarsInLog = 0;
		};
		608F4EBEB1325950790EF3CE /* [CP] Embed Pods Frameworks */ = {
			isa = PBXShellScriptBuildPhase;
			buildActionMask = 2147483647;
			files = (
			);
			inputFileListPaths = (
				"${PODS_ROOT}/Target Support Files/Pods-weather/Pods-weather-frameworks-${CONFIGURATION}-input-files.xcfilelist",
			);
			name = "[CP] Embed Pods Frameworks";
			outputFileListPaths = (
				"${PODS_ROOT}/Target Support Files/Pods-weather/Pods-weather-frameworks-${CONFIGURATION}-output-files.xcfilelist",
			);
			runOnlyForDeploymentPostprocessing = 0;
			shellPath = /bin/sh;
			shellScript = "\"${PODS_ROOT}/Target Support Files/Pods-weather/Pods-weather-frameworks.sh\"\n";
			showEnvVarsInLog = 0;
		};
		A3AADFA59731AF36DF337F03 /* [CP] Check Pods Manifest.lock */ = {
			isa = PBXShellScriptBuildPhase;
			buildActionMask = 2147483647;
			files = (
			);
			inputFileListPaths = (
			);
			inputPaths = (
				"${PODS_PODFILE_DIR_PATH}/Podfile.lock",
				"${PODS_ROOT}/Manifest.lock",
			);
			name = "[CP] Check Pods Manifest.lock";
			outputFileListPaths = (
			);
			outputPaths = (
				"$(DERIVED_FILE_DIR)/Pods-weatherTests-checkManifestLockResult.txt",
			);
			runOnlyForDeploymentPostprocessing = 0;
			shellPath = /bin/sh;
			shellScript = "diff \"${PODS_PODFILE_DIR_PATH}/Podfile.lock\" \"${PODS_ROOT}/Manifest.lock\" > /dev/null\nif [ $? != 0 ] ; then\n    # print error to STDERR\n    echo \"error: The sandbox is not in sync with the Podfile.lock. Run 'pod install' or update your CocoaPods installation.\" >&2\n    exit 1\nfi\n# This output is used by Xcode 'outputs' to avoid re-running this script phase.\necho \"SUCCESS\" > \"${SCRIPT_OUTPUT_FILE_0}\"\n";
			showEnvVarsInLog = 0;
		};
		A42F764E8B6DA9678F918761 /* [CP] Embed Pods Frameworks */ = {
			isa = PBXShellScriptBuildPhase;
			buildActionMask = 2147483647;
			files = (
			);
			inputFileListPaths = (
				"${PODS_ROOT}/Target Support Files/Pods-weatherTests/Pods-weatherTests-frameworks-${CONFIGURATION}-input-files.xcfilelist",
			);
			name = "[CP] Embed Pods Frameworks";
			outputFileListPaths = (
				"${PODS_ROOT}/Target Support Files/Pods-weatherTests/Pods-weatherTests-frameworks-${CONFIGURATION}-output-files.xcfilelist",
			);
			runOnlyForDeploymentPostprocessing = 0;
			shellPath = /bin/sh;
			shellScript = "\"${PODS_ROOT}/Target Support Files/Pods-weatherTests/Pods-weatherTests-frameworks.sh\"\n";
			showEnvVarsInLog = 0;
		};
/* End PBXShellScriptBuildPhase section */

/* Begin PBXSourcesBuildPhase section */
		84EE84AF23F035D8001EB94B /* Sources */ = {
			isa = PBXSourcesBuildPhase;
			buildActionMask = 2147483647;
			files = (
				8452638123F26224004F6FE5 /* AppResources.swift in Sources */,
				84D5E1EE23F10BDD005C709E /* DayWeatherView.swift in Sources */,
				84675BD223F254FE0092CC4C /* TopView.swift in Sources */,
				84D5E1F423F11187005C709E /* TempModel.swift in Sources */,
				84EE84BB23F035D8001EB94B /* ViewController.swift in Sources */,
				84D5E1FC23F112F0005C709E /* AppConstants.swift in Sources */,
				84D5E1F623F111FB005C709E /* DayModel.swift in Sources */,
				84D5E1F023F110CD005C709E /* CityModel.swift in Sources */,
				84D5E1F223F1114C005C709E /* WeatherModel.swift in Sources */,
				84D5E1FE23F113A3005C709E /* WeatherResponse.swift in Sources */,
				84D5E1EC23F0FE97005C709E /* TodayWeatherView.swift in Sources */,
				8452638323F27B5D004F6FE5 /* AppTest.swift in Sources */,
				84EE84B723F035D8001EB94B /* AppDelegate.swift in Sources */,
				8464076C23F25BB500A23595 /* CitiesViewController.swift in Sources */,
				84D5E1F923F1128C005C709E /* APIService.swift in Sources */,
				84675BCE23F247A90092CC4C /* UIImageViewEx.swift in Sources */,
				84675BD023F252DA0092CC4C /* DateEx.swift in Sources */,
				84D5E1E823F0FA66005C709E /* UIViewEx.swift in Sources */,
			);
			runOnlyForDeploymentPostprocessing = 0;
		};
		84EE84C523F035DB001EB94B /* Sources */ = {
			isa = PBXSourcesBuildPhase;
			buildActionMask = 2147483647;
			files = (
				84EE84CE23F035DB001EB94B /* weatherTests.swift in Sources */,
				8452638B23F28958004F6FE5 /* modelTests.swift in Sources */,
			);
			runOnlyForDeploymentPostprocessing = 0;
		};
		84EE84D023F035DB001EB94B /* Sources */ = {
			isa = PBXSourcesBuildPhase;
			buildActionMask = 2147483647;
			files = (
				84EE84D923F035DB001EB94B /* weatherUITests.swift in Sources */,
			);
			runOnlyForDeploymentPostprocessing = 0;
		};
/* End PBXSourcesBuildPhase section */

/* Begin PBXTargetDependency section */
		84EE84CB23F035DB001EB94B /* PBXTargetDependency */ = {
			isa = PBXTargetDependency;
			target = 84EE84B223F035D8001EB94B /* weather */;
			targetProxy = 84EE84CA23F035DB001EB94B /* PBXContainerItemProxy */;
		};
		84EE84D623F035DB001EB94B /* PBXTargetDependency */ = {
			isa = PBXTargetDependency;
			platformFilter = ios;
			target = 84EE84B223F035D8001EB94B /* weather */;
			targetProxy = 84EE84D523F035DB001EB94B /* PBXContainerItemProxy */;
		};
/* End PBXTargetDependency section */

/* Begin PBXVariantGroup section */
		84EE84BC23F035D8001EB94B /* Main.storyboard */ = {
			isa = PBXVariantGroup;
			children = (
				84EE84BD23F035D8001EB94B /* Base */,
			);
			name = Main.storyboard;
			sourceTree = "<group>";
		};
		84EE84C123F035DB001EB94B /* LaunchScreen.storyboard */ = {
			isa = PBXVariantGroup;
			children = (
				84EE84C223F035DB001EB94B /* Base */,
			);
			name = LaunchScreen.storyboard;
			sourceTree = "<group>";
		};
/* End PBXVariantGroup section */

/* Begin XCBuildConfiguration section */
		84EE84DB23F035DB001EB94B /* Debug */ = {
			isa = XCBuildConfiguration;
			buildSettings = {
				ALWAYS_SEARCH_USER_PATHS = NO;
				CLANG_ANALYZER_NONNULL = YES;
				CLANG_ANALYZER_NUMBER_OBJECT_CONVERSION = YES_AGGRESSIVE;
				CLANG_CXX_LANGUAGE_STANDARD = "gnu++14";
				CLANG_CXX_LIBRARY = "libc++";
				CLANG_ENABLE_MODULES = YES;
				CLANG_ENABLE_OBJC_ARC = YES;
				CLANG_ENABLE_OBJC_WEAK = YES;
				CLANG_WARN_BLOCK_CAPTURE_AUTORELEASING = YES;
				CLANG_WARN_BOOL_CONVERSION = YES;
				CLANG_WARN_COMMA = YES;
				CLANG_WARN_CONSTANT_CONVERSION = YES;
				CLANG_WARN_DEPRECATED_OBJC_IMPLEMENTATIONS = YES;
				CLANG_WARN_DIRECT_OBJC_ISA_USAGE = YES_ERROR;
				CLANG_WARN_DOCUMENTATION_COMMENTS = YES;
				CLANG_WARN_EMPTY_BODY = YES;
				CLANG_WARN_ENUM_CONVERSION = YES;
				CLANG_WARN_INFINITE_RECURSION = YES;
				CLANG_WARN_INT_CONVERSION = YES;
				CLANG_WARN_NON_LITERAL_NULL_CONVERSION = YES;
				CLANG_WARN_OBJC_IMPLICIT_RETAIN_SELF = YES;
				CLANG_WARN_OBJC_LITERAL_CONVERSION = YES;
				CLANG_WARN_OBJC_ROOT_CLASS = YES_ERROR;
				CLANG_WARN_RANGE_LOOP_ANALYSIS = YES;
				CLANG_WARN_STRICT_PROTOTYPES = YES;
				CLANG_WARN_SUSPICIOUS_MOVE = YES;
				CLANG_WARN_UNGUARDED_AVAILABILITY = YES_AGGRESSIVE;
				CLANG_WARN_UNREACHABLE_CODE = YES;
				CLANG_WARN__DUPLICATE_METHOD_MATCH = YES;
				COPY_PHASE_STRIP = NO;
				DEBUG_INFORMATION_FORMAT = dwarf;
				ENABLE_STRICT_OBJC_MSGSEND = YES;
				ENABLE_TESTABILITY = YES;
				GCC_C_LANGUAGE_STANDARD = gnu11;
				GCC_DYNAMIC_NO_PIC = NO;
				GCC_NO_COMMON_BLOCKS = YES;
				GCC_OPTIMIZATION_LEVEL = 0;
				GCC_PREPROCESSOR_DEFINITIONS = (
					"DEBUG=1",
					"$(inherited)",
				);
				GCC_WARN_64_TO_32_BIT_CONVERSION = YES;
				GCC_WARN_ABOUT_RETURN_TYPE = YES_ERROR;
				GCC_WARN_UNDECLARED_SELECTOR = YES;
				GCC_WARN_UNINITIALIZED_AUTOS = YES_AGGRESSIVE;
				GCC_WARN_UNUSED_FUNCTION = YES;
				GCC_WARN_UNUSED_VARIABLE = YES;
				IPHONEOS_DEPLOYMENT_TARGET = 10.0;
				MTL_ENABLE_DEBUG_INFO = INCLUDE_SOURCE;
				MTL_FAST_MATH = YES;
				ONLY_ACTIVE_ARCH = YES;
				SDKROOT = iphoneos;
				SWIFT_ACTIVE_COMPILATION_CONDITIONS = DEBUG;
				SWIFT_OPTIMIZATION_LEVEL = "-Onone";
			};
			name = Debug;
		};
		84EE84DC23F035DB001EB94B /* Release */ = {
			isa = XCBuildConfiguration;
			buildSettings = {
				ALWAYS_SEARCH_USER_PATHS = NO;
				CLANG_ANALYZER_NONNULL = YES;
				CLANG_ANALYZER_NUMBER_OBJECT_CONVERSION = YES_AGGRESSIVE;
				CLANG_CXX_LANGUAGE_STANDARD = "gnu++14";
				CLANG_CXX_LIBRARY = "libc++";
				CLANG_ENABLE_MODULES = YES;
				CLANG_ENABLE_OBJC_ARC = YES;
				CLANG_ENABLE_OBJC_WEAK = YES;
				CLANG_WARN_BLOCK_CAPTURE_AUTORELEASING = YES;
				CLANG_WARN_BOOL_CONVERSION = YES;
				CLANG_WARN_COMMA = YES;
				CLANG_WARN_CONSTANT_CONVERSION = YES;
				CLANG_WARN_DEPRECATED_OBJC_IMPLEMENTATIONS = YES;
				CLANG_WARN_DIRECT_OBJC_ISA_USAGE = YES_ERROR;
				CLANG_WARN_DOCUMENTATION_COMMENTS = YES;
				CLANG_WARN_EMPTY_BODY = YES;
				CLANG_WARN_ENUM_CONVERSION = YES;
				CLANG_WARN_INFINITE_RECURSION = YES;
				CLANG_WARN_INT_CONVERSION = YES;
				CLANG_WARN_NON_LITERAL_NULL_CONVERSION = YES;
				CLANG_WARN_OBJC_IMPLICIT_RETAIN_SELF = YES;
				CLANG_WARN_OBJC_LITERAL_CONVERSION = YES;
				CLANG_WARN_OBJC_ROOT_CLASS = YES_ERROR;
				CLANG_WARN_RANGE_LOOP_ANALYSIS = YES;
				CLANG_WARN_STRICT_PROTOTYPES = YES;
				CLANG_WARN_SUSPICIOUS_MOVE = YES;
				CLANG_WARN_UNGUARDED_AVAILABILITY = YES_AGGRESSIVE;
				CLANG_WARN_UNREACHABLE_CODE = YES;
				CLANG_WARN__DUPLICATE_METHOD_MATCH = YES;
				COPY_PHASE_STRIP = NO;
				DEBUG_INFORMATION_FORMAT = "dwarf-with-dsym";
				ENABLE_NS_ASSERTIONS = NO;
				ENABLE_STRICT_OBJC_MSGSEND = YES;
				GCC_C_LANGUAGE_STANDARD = gnu11;
				GCC_NO_COMMON_BLOCKS = YES;
				GCC_WARN_64_TO_32_BIT_CONVERSION = YES;
				GCC_WARN_ABOUT_RETURN_TYPE = YES_ERROR;
				GCC_WARN_UNDECLARED_SELECTOR = YES;
				GCC_WARN_UNINITIALIZED_AUTOS = YES_AGGRESSIVE;
				GCC_WARN_UNUSED_FUNCTION = YES;
				GCC_WARN_UNUSED_VARIABLE = YES;
				IPHONEOS_DEPLOYMENT_TARGET = 10.0;
				MTL_ENABLE_DEBUG_INFO = NO;
				MTL_FAST_MATH = YES;
				SDKROOT = iphoneos;
				SWIFT_COMPILATION_MODE = wholemodule;
				SWIFT_OPTIMIZATION_LEVEL = "-O";
				VALIDATE_PRODUCT = YES;
			};
			name = Release;
		};
		84EE84DE23F035DB001EB94B /* Debug */ = {
			isa = XCBuildConfiguration;
			baseConfigurationReference = 2320409CB40340284D90D3CD /* Pods-weather.debug.xcconfig */;
			buildSettings = {
				ASSETCATALOG_COMPILER_APPICON_NAME = AppIcon;
				CODE_SIGN_STYLE = Automatic;
				DEVELOPMENT_TEAM = CWFWVEVXHQ;
				INFOPLIST_FILE = weather/Info.plist;
				IPHONEOS_DEPLOYMENT_TARGET = 10.0;
				LD_RUNPATH_SEARCH_PATHS = (
					"$(inherited)",
					"@executable_path/Frameworks",
				);
				PRODUCT_BUNDLE_IDENTIFIER = com.freb.mingle.weather;
				PRODUCT_NAME = "$(TARGET_NAME)";
				SWIFT_OBJC_BRIDGING_HEADER = "weather/bridging-header.h";
				SWIFT_VERSION = 5.0;
				TARGETED_DEVICE_FAMILY = 1;
			};
			name = Debug;
		};
		84EE84DF23F035DB001EB94B /* Release */ = {
			isa = XCBuildConfiguration;
			baseConfigurationReference = 7FF663B5194A346F8AEB14A2 /* Pods-weather.release.xcconfig */;
			buildSettings = {
				ASSETCATALOG_COMPILER_APPICON_NAME = AppIcon;
				CODE_SIGN_STYLE = Automatic;
				DEVELOPMENT_TEAM = CWFWVEVXHQ;
				INFOPLIST_FILE = weather/Info.plist;
				IPHONEOS_DEPLOYMENT_TARGET = 10.0;
				LD_RUNPATH_SEARCH_PATHS = (
					"$(inherited)",
					"@executable_path/Frameworks",
				);
				PRODUCT_BUNDLE_IDENTIFIER = com.freb.mingle.weather;
				PRODUCT_NAME = "$(TARGET_NAME)";
				SWIFT_OBJC_BRIDGING_HEADER = "weather/bridging-header.h";
				SWIFT_VERSION = 5.0;
				TARGETED_DEVICE_FAMILY = 1;
			};
			name = Release;
		};
		84EE84E123F035DB001EB94B /* Debug */ = {
			isa = XCBuildConfiguration;
			baseConfigurationReference = CA08AE763545B163906CD433 /* Pods-weatherTests.debug.xcconfig */;
			buildSettings = {
				ALWAYS_EMBED_SWIFT_STANDARD_LIBRARIES = YES;
				BUNDLE_LOADER = "$(TEST_HOST)";
				CODE_SIGN_STYLE = Automatic;
				INFOPLIST_FILE = weatherTests/Info.plist;
				IPHONEOS_DEPLOYMENT_TARGET = 13.2;
				LD_RUNPATH_SEARCH_PATHS = (
					"$(inherited)",
					"@executable_path/Frameworks",
					"@loader_path/Frameworks",
				);
				PRODUCT_BUNDLE_IDENTIFIER = com.freb.mingle.weatherTests;
				PRODUCT_NAME = "$(TARGET_NAME)";
				SWIFT_VERSION = 5.0;
				TARGETED_DEVICE_FAMILY = "1,2";
				TEST_HOST = "$(BUILT_PRODUCTS_DIR)/weather.app/weather";
			};
			name = Debug;
		};
		84EE84E223F035DB001EB94B /* Release */ = {
			isa = XCBuildConfiguration;
			baseConfigurationReference = B4CFFE4BAE3D657CC92CB4E3 /* Pods-weatherTests.release.xcconfig */;
			buildSettings = {
				ALWAYS_EMBED_SWIFT_STANDARD_LIBRARIES = YES;
				BUNDLE_LOADER = "$(TEST_HOST)";
				CODE_SIGN_STYLE = Automatic;
				INFOPLIST_FILE = weatherTests/Info.plist;
				IPHONEOS_DEPLOYMENT_TARGET = 13.2;
				LD_RUNPATH_SEARCH_PATHS = (
					"$(inherited)",
					"@executable_path/Frameworks",
					"@loader_path/Frameworks",
				);
				PRODUCT_BUNDLE_IDENTIFIER = com.freb.mingle.weatherTests;
				PRODUCT_NAME = "$(TARGET_NAME)";
				SWIFT_VERSION = 5.0;
				TARGETED_DEVICE_FAMILY = "1,2";
				TEST_HOST = "$(BUILT_PRODUCTS_DIR)/weather.app/weather";
			};
			name = Release;
		};
		84EE84E423F035DB001EB94B /* Debug */ = {
			isa = XCBuildConfiguration;
			baseConfigurationReference = B7ABC4A132CB704B0B59796B /* Pods-weatherUITests.debug.xcconfig */;
			buildSettings = {
				ALWAYS_EMBED_SWIFT_STANDARD_LIBRARIES = YES;
				CODE_SIGN_STYLE = Automatic;
				INFOPLIST_FILE = weatherUITests/Info.plist;
				LD_RUNPATH_SEARCH_PATHS = (
					"$(inherited)",
					"@executable_path/Frameworks",
					"@loader_path/Frameworks",
				);
				PRODUCT_BUNDLE_IDENTIFIER = com.freb.mingle.weatherUITests;
				PRODUCT_NAME = "$(TARGET_NAME)";
				SWIFT_VERSION = 5.0;
				TARGETED_DEVICE_FAMILY = "1,2";
				TEST_TARGET_NAME = weather;
			};
			name = Debug;
		};
		84EE84E523F035DB001EB94B /* Release */ = {
			isa = XCBuildConfiguration;
			baseConfigurationReference = 09E0021B21B2FDABA9D8091B /* Pods-weatherUITests.release.xcconfig */;
			buildSettings = {
				ALWAYS_EMBED_SWIFT_STANDARD_LIBRARIES = YES;
				CODE_SIGN_STYLE = Automatic;
				INFOPLIST_FILE = weatherUITests/Info.plist;
				LD_RUNPATH_SEARCH_PATHS = (
					"$(inherited)",
					"@executable_path/Frameworks",
					"@loader_path/Frameworks",
				);
				PRODUCT_BUNDLE_IDENTIFIER = com.freb.mingle.weatherUITests;
				PRODUCT_NAME = "$(TARGET_NAME)";
				SWIFT_VERSION = 5.0;
				TARGETED_DEVICE_FAMILY = "1,2";
				TEST_TARGET_NAME = weather;
			};
			name = Release;
		};
/* End XCBuildConfiguration section */

/* Begin XCConfigurationList section */
		84EE84AE23F035D8001EB94B /* Build configuration list for PBXProject "weather" */ = {
			isa = XCConfigurationList;
			buildConfigurations = (
				84EE84DB23F035DB001EB94B /* Debug */,
				84EE84DC23F035DB001EB94B /* Release */,
			);
			defaultConfigurationIsVisible = 0;
			defaultConfigurationName = Release;
		};
		84EE84DD23F035DB001EB94B /* Build configuration list for PBXNativeTarget "weather" */ = {
			isa = XCConfigurationList;
			buildConfigurations = (
				84EE84DE23F035DB001EB94B /* Debug */,
				84EE84DF23F035DB001EB94B /* Release */,
			);
			defaultConfigurationIsVisible = 0;
			defaultConfigurationName = Release;
		};
		84EE84E023F035DB001EB94B /* Build configuration list for PBXNativeTarget "weatherTests" */ = {
			isa = XCConfigurationList;
			buildConfigurations = (
				84EE84E123F035DB001EB94B /* Debug */,
				84EE84E223F035DB001EB94B /* Release */,
			);
			defaultConfigurationIsVisible = 0;
			defaultConfigurationName = Release;
		};
		84EE84E323F035DB001EB94B /* Build configuration list for PBXNativeTarget "weatherUITests" */ = {
			isa = XCConfigurationList;
			buildConfigurations = (
				84EE84E423F035DB001EB94B /* Debug */,
				84EE84E523F035DB001EB94B /* Release */,
			);
			defaultConfigurationIsVisible = 0;
			defaultConfigurationName = Release;
		};
/* End XCConfigurationList section */
	};
	rootObject = 84EE84AB23F035D8001EB94B /* Project object */;
}
